
Microsoft Visual Studio Solution File, Format Version 12.00
# Visual Studio Version 17
VisualStudioVersion = 17.12.35521.163
MinimumVisualStudioVersion = 10.0.40219.1
Project("{FAE04EC0-301F-11D3-BF4B-00C04F79EFBC}") = "book-shop back-end", "book-shop back-end.csproj", "{61ACD707-40F9-49F1-A727-07BC447A1FDD}"
EndProject
Project("{2150E333-8FDC-42A3-9474-1A3956D46DE8}") = "Back-end", "Back-end", "{B678300C-F1E4-40AC-98FE-239D356CC571}"
EndProject
Global
	GlobalSection(SolutionConfigurationPlatforms) = preSolution
		Debug|Any CPU = Debug|Any CPU
		Release|Any CPU = Release|Any CPU
	EndGlobalSection
	GlobalSection(ProjectConfigurationPlatforms) = postSolution
		{61ACD707-40F9-49F1-A727-07BC447A1FDD}.Debug|Any CPU.ActiveCfg = Debug|Any CPU
		{61ACD707-40F9-49F1-A727-07BC447A1FDD}.Debug|Any CPU.Build.0 = Debug|Any CPU
		{61ACD707-40F9-49F1-A727-07BC447A1FDD}.Release|Any CPU.ActiveCfg = Release|Any CPU
		{61ACD707-40F9-49F1-A727-07BC447A1FDD}.Release|Any CPU.Build.0 = Release|Any CPU
	EndGlobalSection
	GlobalSection(SolutionProperties) = preSolution
		HideSolutionNode = FALSE
	EndGlobalSection
	GlobalSection(NestedProjects) = preSolution
		{61ACD707-40F9-49F1-A727-07BC447A1FDD} = {B678300C-F1E4-40AC-98FE-239D356CC571}
	EndGlobalSection
EndGlobal
